
Microsoft Visual Studio Solution File, Format Version 12.00
# Visual Studio Version 17
VisualStudioVersion = 17.4.33122.133
MinimumVisualStudioVersion = 10.0.40219.1
Project("{FAE04EC0-301F-11D3-BF4B-00C04F79EFBC}") = "BuberDinner.Api", "BuberDinner.Api\BuberDinner.Api.csproj", "{0E77DCD2-7602-49BE-A90D-DFAD7D91EB46}"
EndProject
Project("{FAE04EC0-301F-11D3-BF4B-00C04F79EFBC}") = "BuberDinner.Contracts", "BuberDinner.Contracts\BuberDinner.Contracts.csproj", "{7C0575B7-E895-4EE9-A6C5-37E904A94C5C}"
EndProject
Project("{FAE04EC0-301F-11D3-BF4B-00C04F79EFBC}") = "BuberDinner.Application", "BuberDinner.Application\BuberDinner.Application.csproj", "{4554306E-6C3A-4A54-8BB9-15B88B15CF64}"
EndProject
Project("{FAE04EC0-301F-11D3-BF4B-00C04F79EFBC}") = "BuberDinner.Infrastructure", "BuberDinner.Infrastructure\BuberDinner.Infrastructure.csproj", "{82145489-2F2A-44B8-9602-FFB26C255C47}"
EndProject
Project("{FAE04EC0-301F-11D3-BF4B-00C04F79EFBC}") = "BuberDinner.Domain", "BuberDinner.Domain\BuberDinner.Domain.csproj", "{715437A1-DBA7-4A95-BD3B-5284F445E087}"
EndProject
Global
	GlobalSection(SolutionConfigurationPlatforms) = preSolution
		Debug|Any CPU = Debug|Any CPU
		Release|Any CPU = Release|Any CPU
	EndGlobalSection
	GlobalSection(ProjectConfigurationPlatforms) = postSolution
		{0E77DCD2-7602-49BE-A90D-DFAD7D91EB46}.Debug|Any CPU.ActiveCfg = Debug|Any CPU
		{0E77DCD2-7602-49BE-A90D-DFAD7D91EB46}.Debug|Any CPU.Build.0 = Debug|Any CPU
		{0E77DCD2-7602-49BE-A90D-DFAD7D91EB46}.Release|Any CPU.ActiveCfg = Release|Any CPU
		{0E77DCD2-7602-49BE-A90D-DFAD7D91EB46}.Release|Any CPU.Build.0 = Release|Any CPU
		{7C0575B7-E895-4EE9-A6C5-37E904A94C5C}.Debug|Any CPU.ActiveCfg = Debug|Any CPU
		{7C0575B7-E895-4EE9-A6C5-37E904A94C5C}.Debug|Any CPU.Build.0 = Debug|Any CPU
		{7C0575B7-E895-4EE9-A6C5-37E904A94C5C}.Release|Any CPU.ActiveCfg = Release|Any CPU
		{7C0575B7-E895-4EE9-A6C5-37E904A94C5C}.Release|Any CPU.Build.0 = Release|Any CPU
		{4554306E-6C3A-4A54-8BB9-15B88B15CF64}.Debug|Any CPU.ActiveCfg = Debug|Any CPU
		{4554306E-6C3A-4A54-8BB9-15B88B15CF64}.Debug|Any CPU.Build.0 = Debug|Any CPU
		{4554306E-6C3A-4A54-8BB9-15B88B15CF64}.Release|Any CPU.ActiveCfg = Release|Any CPU
		{4554306E-6C3A-4A54-8BB9-15B88B15CF64}.Release|Any CPU.Build.0 = Release|Any CPU
		{82145489-2F2A-44B8-9602-FFB26C255C47}.Debug|Any CPU.ActiveCfg = Debug|Any CPU
		{82145489-2F2A-44B8-9602-FFB26C255C47}.Debug|Any CPU.Build.0 = Debug|Any CPU
		{82145489-2F2A-44B8-9602-FFB26C255C47}.Release|Any CPU.ActiveCfg = Release|Any CPU
		{82145489-2F2A-44B8-9602-FFB26C255C47}.Release|Any CPU.Build.0 = Release|Any CPU
		{715437A1-DBA7-4A95-BD3B-5284F445E087}.Debug|Any CPU.ActiveCfg = Debug|Any CPU
		{715437A1-DBA7-4A95-BD3B-5284F445E087}.Debug|Any CPU.Build.0 = Debug|Any CPU
		{715437A1-DBA7-4A95-BD3B-5284F445E087}.Release|Any CPU.ActiveCfg = Release|Any CPU
		{715437A1-DBA7-4A95-BD3B-5284F445E087}.Release|Any CPU.Build.0 = Release|Any CPU
	EndGlobalSection
	GlobalSection(SolutionProperties) = preSolution
		HideSolutionNode = FALSE
	EndGlobalSection
	GlobalSection(ExtensibilityGlobals) = postSolution
		SolutionGuid = {BB5B13E6-2405-419D-A16B-767C21534C81}
	EndGlobalSection
EndGlobal
